{
  "requires": true,
  "lockfileVersion": 1,
  "dependencies": {
    "accepts": {
      "version": "1.2.12",
      "resolved": "https://registry.npmjs.org/accepts/-/accepts-1.2.12.tgz",
      "integrity": "sha1-fm2ID0c7XEjUbj419x6nw7aFFMM=",
      "requires": {
        "mime-types": "~2.1.4",
        "negotiator": "0.5.3"
      }
    },
    "benchmark": {
      "version": "1.0.0",
      "resolved": "https://registry.npmjs.org/benchmark/-/benchmark-1.0.0.tgz",
      "integrity": "sha1-Lx4vpMNZ8REiqhgwgiGOlX45DHM="
    },
    "better-assert": {
      "version": "1.0.2",
      "resolved": "https://registry.npmjs.org/better-assert/-/better-assert-1.0.2.tgz",
      "integrity": "sha1-QIZrnhueC1W0gYlDEeaPr/rrxSI=",
      "requires": {
        "callsite": "1.0.0"
      }
    },
    "bindings": {
      "version": "1.2.1",
      "resolved": "https://registry.npmjs.org/bindings/-/bindings-1.2.1.tgz",
      "integrity": "sha1-FK1hE4EtLTfXLme0ystLtyZQXxE=",
      "optional": true
    },
    "bufferutil": {
      "version": "1.1.0",
      "resolved": "https://registry.npmjs.org/bufferutil/-/bufferutil-1.1.0.tgz",
      "integrity": "sha1-P5a+d6f4ZS/2nvKfHKvIuJ9/2XI=",
      "optional": true,
      "requires": {
        "bindings": "1.2.x",
        "nan": "1.8.x"
      }
    },
    "callsite": {
      "version": "1.0.0",
      "resolved": "https://registry.npmjs.org/callsite/-/callsite-1.0.0.tgz",
      "integrity": "sha1-KAOY5dZkvXQDi28JBRU+borxvCA="
    },
    "component-emitter": {
      "version": "1.1.2",
      "resolved": "https://registry.npmjs.org/component-emitter/-/component-emitter-1.1.2.tgz",
      "integrity": "sha1-KWWU8nU9qmOZbSrwjRWpURbJrsM="
    },
    "connect": {
      "version": "3.7.0",
      "resolved": "https://registry.npmjs.org/connect/-/connect-3.7.0.tgz",
      "integrity": "sha512-ZqRXc+tZukToSNmh5C2iWMSoV3X1YUcPbqEM4DkEG5tNQXrQUZCNVGGv3IuicnkMtPfGf3Xtp8WCXs295iQ1pQ==",
      "requires": {
        "debug": "2.6.9",
        "finalhandler": "1.1.2",
        "parseurl": "~1.3.3",
        "utils-merge": "1.0.1"
      },
      "dependencies": {
        "debug": {
          "version": "2.6.9",
          "resolved": "https://registry.npmjs.org/debug/-/debug-2.6.9.tgz",
          "integrity": "sha512-bC7ElrdJaJnPbAP+1EotYvqZsb3ecl5wi6Bfi6BJTUcNowp6cvspg0jXznRTKDjm/E7AdgFBVeAPVMNcKGsHMA==",
          "requires": {
            "ms": "2.0.0"
          }
        },
        "ms": {
          "version": "2.0.0",
          "resolved": "https://registry.npmjs.org/ms/-/ms-2.0.0.tgz",
          "integrity": "sha1-VgiurfwAvmwpAd9fmGF4jeDVl8g="
        },
        "parseurl": {
          "version": "1.3.3",
          "resolved": "https://registry.npmjs.org/parseurl/-/parseurl-1.3.3.tgz",
          "integrity": "sha512-CiyeOxFT/JZyN5m0z9PfXw4SCBJ6Sygz1Dpl0wqjlhDEGGBP1GnsUVEL0p63hoG1fcj3fHynXi9NYO4nWOL+qQ=="
        }
      }
    },
    "content-type": {
      "version": "1.0.1",
      "resolved": "https://registry.npmjs.org/content-type/-/content-type-1.0.1.tgz",
      "integrity": "sha1-oZ0iRzJ9wDgFDOYit6FU7FnF5gA="
    },
    "cookie": {
      "version": "0.1.3",
      "resolved": "https://registry.npmjs.org/cookie/-/cookie-0.1.3.tgz",
      "integrity": "sha1-5zSlwUF/zkctWu+Cw4HKu2TRpDU="
    },
    "cookie-signature": {
      "version": "1.0.6",
      "resolved": "https://registry.npmjs.org/cookie-signature/-/cookie-signature-1.0.6.tgz",
      "integrity": "sha1-4wOogrNCzD7oylE6eZmXNNqzriw="
    },
    "debug": {
      "version": "2.2.0",
      "resolved": "https://registry.npmjs.org/debug/-/debug-2.2.0.tgz",
      "integrity": "sha1-+HBX6ZWxofauaklgZkE3vFbwOdo=",
      "requires": {
        "ms": "0.7.1"
      }
    },
    "depd": {
      "version": "1.0.1",
      "resolved": "https://registry.npmjs.org/depd/-/depd-1.0.1.tgz",
      "integrity": "sha1-gK7GTJ1tl+ZcwqnKqTwKpqv3Oqo="
    },
    "destroy": {
      "version": "1.0.3",
      "resolved": "https://registry.npmjs.org/destroy/-/destroy-1.0.3.tgz",
      "integrity": "sha1-tDO0ck5x/YVR2YhRdIUcX8N34sk="
    },
    "ee-first": {
      "version": "1.1.1",
      "resolved": "https://registry.npmjs.org/ee-first/-/ee-first-1.1.1.tgz",
      "integrity": "sha1-WQxhFWsK4vTwJVcyoViyZrxWsh0="
    },
    "encodeurl": {
      "version": "1.0.2",
      "resolved": "https://registry.npmjs.org/encodeurl/-/encodeurl-1.0.2.tgz",
      "integrity": "sha1-rT/0yG7C0CkyL1oCw6mmBslbP1k="
    },
    "escape-html": {
      "version": "1.0.2",
      "resolved": "https://registry.npmjs.org/escape-html/-/escape-html-1.0.2.tgz",
      "integrity": "sha1-130y+pjjjC9BroXpJ44ODmuhAiw="
    },
    "etag": {
      "version": "1.7.0",
      "resolved": "https://registry.npmjs.org/etag/-/etag-1.7.0.tgz",
      "integrity": "sha1-A9MLX2fdbmMtKUXTDWZScxo01dg="
    },
    "express": {
      "version": "4.13.3",
      "resolved": "https://registry.npmjs.org/express/-/express-4.13.3.tgz",
      "integrity": "sha1-3bLx+0UCvzNZjSsDKwN5YMpsgKM=",
      "requires": {
        "accepts": "~1.2.12",
        "array-flatten": "1.1.1",
        "content-disposition": "0.5.0",
        "content-type": "~1.0.1",
        "cookie": "0.1.3",
        "cookie-signature": "1.0.6",
        "debug": "~2.2.0",
        "depd": "~1.0.1",
        "escape-html": "1.0.2",
        "etag": "~1.7.0",
        "finalhandler": "0.4.0",
        "fresh": "0.3.0",
        "merge-descriptors": "1.0.0",
        "methods": "~1.1.1",
        "on-finished": "~2.3.0",
        "parseurl": "~1.3.0",
        "path-to-regexp": "0.1.7",
        "proxy-addr": "~1.0.8",
        "qs": "4.0.0",
        "range-parser": "~1.0.2",
        "send": "0.13.0",
        "serve-static": "~1.10.0",
        "type-is": "~1.6.6",
        "utils-merge": "1.0.0",
        "vary": "~1.0.1"
      },
      "dependencies": {
        "array-flatten": {
          "version": "1.1.1",
          "resolved": "https://registry.npmjs.org/array-flatten/-/array-flatten-1.1.1.tgz",
          "integrity": "sha1-ml9pkFGx5wczKPKgCJaLZOopVdI="
        },
        "content-disposition": {
          "version": "0.5.0",
          "resolved": "https://registry.npmjs.org/content-disposition/-/content-disposition-0.5.0.tgz",
          "integrity": "sha1-QoT+auBjCHRjnkToCkGMKTQTXp4="
        },
        "escape-html": {
          "version": "1.0.2",
          "resolved": "https://registry.npmjs.org/escape-html/-/escape-html-1.0.2.tgz",
          "integrity": "sha1-130y+pjjjC9BroXpJ44ODmuhAiw="
        },
        "finalhandler": {
          "version": "0.4.0",
          "resolved": "https://registry.npmjs.org/finalhandler/-/finalhandler-0.4.0.tgz",
          "integrity": "sha1-llpS2ejQXSuFdUhUH7ibU6JJfZs=",
          "requires": {
            "debug": "~2.2.0",
            "escape-html": "1.0.2",
            "on-finished": "~2.3.0",
            "unpipe": "~1.0.0"
          }
        },
        "path-to-regexp": {
          "version": "0.1.7",
          "resolved": "https://registry.npmjs.org/path-to-regexp/-/path-to-regexp-0.1.7.tgz",
          "integrity": "sha1-32BBeABfUi8V60SQ5yR6G/qmf4w="
        },
        "utils-merge": {
          "version": "1.0.0",
          "resolved": "https://registry.npmjs.org/utils-merge/-/utils-merge-1.0.0.tgz",
          "integrity": "sha1-ApT7kiu5N1FTVBxPcJYjHyh8ivg="
        }
      }
    },
    "finalhandler": {
      "version": "1.1.2",
      "resolved": "https://registry.npmjs.org/finalhandler/-/finalhandler-1.1.2.tgz",
      "integrity": "sha512-aAWcW57uxVNrQZqFXjITpW3sIUQmHGG3qSb9mUah9MgMC4NeWhNOlNjXEYq3HjRAvL6arUviZGGJsBg6z0zsWA==",
      "requires": {
        "debug": "2.6.9",
        "encodeurl": "~1.0.2",
        "escape-html": "~1.0.3",
        "on-finished": "~2.3.0",
        "parseurl": "~1.3.3",
        "statuses": "~1.5.0",
        "unpipe": "~1.0.0"
      },
      "dependencies": {
        "debug": {
          "version": "2.6.9",
          "resolved": "https://registry.npmjs.org/debug/-/debug-2.6.9.tgz",
          "integrity": "sha512-bC7ElrdJaJnPbAP+1EotYvqZsb3ecl5wi6Bfi6BJTUcNowp6cvspg0jXznRTKDjm/E7AdgFBVeAPVMNcKGsHMA==",
          "requires": {
            "ms": "2.0.0"
          }
        },
        "escape-html": {
          "version": "1.0.3",
          "resolved": "https://registry.npmjs.org/escape-html/-/escape-html-1.0.3.tgz",
          "integrity": "sha1-Aljq5NPQwJdN4cFpGI7wBR0dGYg="
        },
        "ms": {
          "version": "2.0.0",
          "resolved": "https://registry.npmjs.org/ms/-/ms-2.0.0.tgz",
          "integrity": "sha1-VgiurfwAvmwpAd9fmGF4jeDVl8g="
        },
        "parseurl": {
          "version": "1.3.3",
          "resolved": "https://registry.npmjs.org/parseurl/-/parseurl-1.3.3.tgz",
          "integrity": "sha512-CiyeOxFT/JZyN5m0z9PfXw4SCBJ6Sygz1Dpl0wqjlhDEGGBP1GnsUVEL0p63hoG1fcj3fHynXi9NYO4nWOL+qQ=="
        },
        "statuses": {
          "version": "1.5.0",
          "resolved": "https://registry.npmjs.org/statuses/-/statuses-1.5.0.tgz",
          "integrity": "sha1-Fhx9rBd2Wf2YEfQ3cfqZOBR4Yow="
        }
      }
    },
    "forwarded": {
      "version": "0.1.2",
      "resolved": "https://registry.npmjs.org/forwarded/-/forwarded-0.1.2.tgz",
      "integrity": "sha1-mMI9qxF1ZXuMBXPozszZGw/xjIQ="
    },
    "fresh": {
      "version": "0.3.0",
      "resolved": "https://registry.npmjs.org/fresh/-/fresh-0.3.0.tgz",
      "integrity": "sha1-ZR+DjiJCTnVm3hYdg1jKoZn4PU8="
    },
    "global": {
      "version": "https://github.com/component/global/archive/v2.0.1.tar.gz",
      "integrity": "sha512-O91OcV/NbdmQJPHaRu2ekSP7bqFRLWgqSwaJvqHPZHUwmHBagQYTOra29+LnzzG3lZkXH1ANzHzfCxtAPM9HMA=="
    },
    "has-binary": {
      "version": "0.1.5",
      "resolved": "https://registry.npmjs.org/has-binary/-/has-binary-0.1.5.tgz",
      "integrity": "sha1-ledXIP8xtyo7qJpbbc4ILkvGRn8=",
      "requires": {
        "isarray": "0.0.1"
      }
    },
    "has-cors": {
      "version": "1.0.3",
      "resolved": "https://registry.npmjs.org/has-cors/-/has-cors-1.0.3.tgz",
      "integrity": "sha1-UCrLmzEE2sM90mMOry+IiwuvTLM=",
      "requires": {
        "global": "https://github.com/component/global/archive/v2.0.1.tar.gz"
      }
    },
    "http-errors": {
      "version": "1.3.1",
      "resolved": "https://registry.npmjs.org/http-errors/-/http-errors-1.3.1.tgz",
      "integrity": "sha1-GX4izevUGYWF6GlO9nhhl7ke2UI=",
      "requires": {
        "inherits": "~2.0.1",
        "statuses": "1"
      }
    },
    "inherits": {
      "version": "2.0.4",
      "resolved": "https://registry.npmjs.org/inherits/-/inherits-2.0.4.tgz",
      "integrity": "sha512-k/vGaX4/Yla3WzyMCvTQOXYeIHvqOKtnqBduzTHpzpQZzAskKMhZ2K+EnBiSM9zGSoIFeMpXKxa4dYeZIQqewQ=="
    },
    "ipaddr.js": {
      "version": "1.0.1",
      "resolved": "https://registry.npmjs.org/ipaddr.js/-/ipaddr.js-1.0.1.tgz",
      "integrity": "sha1-XziAHcc+BAD8cHY4b27VIV+9j5U="
    },
    "isarray": {
      "version": "0.0.1",
      "resolved": "https://registry.npmjs.org/isarray/-/isarray-0.0.1.tgz",
      "integrity": "sha1-ihis/Kmo9Bd+Cav8YDiTmwXR7t8="
    },
    "json3": {
      "version": "3.2.6",
      "resolved": "https://registry.npmjs.org/json3/-/json3-3.2.6.tgz",
      "integrity": "sha1-9u/JPAagTemuxTBT3yVZuxniA4s="
    },
    "media-typer": {
      "version": "0.3.0",
      "resolved": "https://registry.npmjs.org/media-typer/-/media-typer-0.3.0.tgz",
      "integrity": "sha1-hxDXrwqmJvj/+hzgAWhUUmMlV0g="
    },
    "merge-descriptors": {
      "version": "1.0.0",
      "resolved": "https://registry.npmjs.org/merge-descriptors/-/merge-descriptors-1.0.0.tgz",
      "integrity": "sha1-IWnPdTjhsMyH+4jhUC2EdLv3mGQ="
    },
    "methods": {
      "version": "1.1.1",
      "resolved": "https://registry.npmjs.org/methods/-/methods-1.1.1.tgz",
      "integrity": "sha1-F+pjZgZtAMWON1uOx9/QRTyJgio="
    },
    "mime": {
      "version": "1.3.4",
      "resolved": "https://registry.npmjs.org/mime/-/mime-1.3.4.tgz",
      "integrity": "sha1-EV+eO2s9rylZmDyzjxSaLUDrXVM="
    },
    "mime-db": {
      "version": "1.50.0",
      "resolved": "https://registry.npmjs.org/mime-db/-/mime-db-1.50.0.tgz",
      "integrity": "sha512-9tMZCDlYHqeERXEHO9f/hKfNXhre5dK2eE/krIvUjZbS2KPcqGDfNShIWS1uW9XOTKQKqK6qbeOci18rbfW77A=="
    },
    "mime-types": {
      "version": "2.1.33",
      "resolved": "https://registry.npmjs.org/mime-types/-/mime-types-2.1.33.tgz",
      "integrity": "sha512-plLElXp7pRDd0bNZHw+nMd52vRYjLwQjygaNg7ddJ2uJtTlmnTCjWuPKxVu6//AdaRuME84SvLW91sIkBqGT0g==",
      "requires": {
        "mime-db": "1.50.0"
      }
    },
    "ms": {
      "version": "0.7.1",
      "resolved": "https://registry.npmjs.org/ms/-/ms-0.7.1.tgz",
      "integrity": "sha1-nNE8A62/8ltl7/3nzoZO6VIBcJg="
    },
    "nan": {
      "version": "1.8.4",
      "resolved": "https://registry.npmjs.org/nan/-/nan-1.8.4.tgz",
      "integrity": "sha1-PHa1OC6rM+RLdY0oE8qdkuk0LzQ=",
      "optional": true
    },
    "negotiator": {
      "version": "0.5.3",
      "resolved": "https://registry.npmjs.org/negotiator/-/negotiator-0.5.3.tgz",
      "integrity": "sha1-Jp1cR2gQ7JLtvntsLygxY4T5p+g="
    },
    "on-finished": {
      "version": "2.3.0",
      "resolved": "https://registry.npmjs.org/on-finished/-/on-finished-2.3.0.tgz",
      "integrity": "sha1-IPEzZIGwg811M3mSoWlxqi2QaUc=",
      "requires": {
        "ee-first": "1.1.1"
      }
    },
    "options": {
      "version": "0.0.6",
      "resolved": "https://registry.npmjs.org/options/-/options-0.0.6.tgz",
      "integrity": "sha1-7CLTEoBrtT5zF3Pnza788cZDEo8="
    },
    "parseurl": {
      "version": "1.3.0",
      "resolved": "https://registry.npmjs.org/parseurl/-/parseurl-1.3.0.tgz",
      "integrity": "sha1-tYBG20Ij4UWvp2AJ5hush8wigbM="
    },
    "proxy-addr": {
      "version": "1.0.8",
      "resolved": "https://registry.npmjs.org/proxy-addr/-/proxy-addr-1.0.8.tgz",
      "integrity": "sha1-21Tsh4vMEFPVdkZgkhmzcVZ4uv4=",
      "requires": {
        "forwarded": "~0.1.0",
        "ipaddr.js": "1.0.1"
      }
    },
    "qs": {
      "version": "4.0.0",
      "resolved": "https://registry.npmjs.org/qs/-/qs-4.0.0.tgz",
      "integrity": "sha1-wx2bdOwn33XlQ6hseHKO2NRiNgc="
    },
    "range-parser": {
      "version": "1.0.2",
      "resolved": "https://registry.npmjs.org/range-parser/-/range-parser-1.0.2.tgz",
      "integrity": "sha1-BqEqQuUTG6jkV82JIESGfyNE5Uk="
    },
    "send": {
      "version": "0.13.0",
      "resolved": "https://registry.npmjs.org/send/-/send-0.13.0.tgz",
      "integrity": "sha1-UY+SGusFYK7H3KspkLFM9vPM5d4=",
      "requires": {
        "debug": "~2.2.0",
        "depd": "~1.0.1",
        "destroy": "1.0.3",
        "escape-html": "1.0.2",
        "etag": "~1.7.0",
        "fresh": "0.3.0",
        "http-errors": "~1.3.1",
        "mime": "1.3.4",
        "ms": "0.7.1",
        "on-finished": "~2.3.0",
        "range-parser": "~1.0.2",
        "statuses": "~1.2.1"
      }
    },
    "serve-static": {
      "version": "1.10.0",
      "resolved": "https://registry.npmjs.org/serve-static/-/serve-static-1.10.0.tgz",
      "integrity": "sha1-vmMvqmhYIOSkPtPfE3kTXMTzcNc=",
      "requires": {
        "escape-html": "1.0.2",
        "parseurl": "~1.3.0",
        "send": "0.13.0"
      }
    },
    "socket.io": {
      "version": "1.3.6",
      "resolved": "https://registry.npmjs.org/socket.io/-/socket.io-1.3.6.tgz",
      "integrity": "sha1-HvjsTY7epkmcj+vSoWttFbTcFb0=",
      "requires": {
        "debug": "2.1.0",
        "engine.io": "1.5.2",
        "has-binary-data": "0.1.3",
        "socket.io-adapter": "0.3.1",
        "socket.io-client": "1.3.6",
        "socket.io-parser": "2.2.4"
      },
      "dependencies": {
        "debug": {
          "version": "2.1.0",
          "resolved": "https://registry.npmjs.org/debug/-/debug-2.1.0.tgz",
          "integrity": "sha1-M6uRVlnYwsyKQUQ9lNbr03aX7SE=",
          "requires": {
            "ms": "0.6.2"
          }
        },
        "engine.io": {
          "version": "1.5.2",
          "resolved": "https://registry.npmjs.org/engine.io/-/engine.io-1.5.2.tgz",
          "integrity": "sha1-YQKvfWzaZg+eNcljrKtZROoF21A=",
          "requires": {
            "base64id": "0.1.0",
            "debug": "1.0.3",
            "engine.io-parser": "1.2.1",
            "ws": "0.7.2"
          },
          "dependencies": {
            "base64id": {
              "version": "0.1.0",
              "resolved": "https://registry.npmjs.org/base64id/-/base64id-0.1.0.tgz",
              "integrity": "sha1-As4P3u4M709ACA4ec+g08LG/zj8="
            },
            "debug": {
              "version": "1.0.3",
              "resolved": "https://registry.npmjs.org/debug/-/debug-1.0.3.tgz",
              "integrity": "sha1-/IxrLWACgEtAgcAgjg9kYLofo+Q=",
              "requires": {
                "ms": "0.6.2"
              }
            },
            "engine.io-parser": {
              "version": "1.2.1",
              "resolved": "https://registry.npmjs.org/engine.io-parser/-/engine.io-parser-1.2.1.tgz",
              "integrity": "sha1-RGKmfQxwqQfAbbLh3lN5Gob1qzc=",
              "requires": {
                "after": "0.8.1",
                "arraybuffer.slice": "0.0.6",
                "base64-arraybuffer": "0.1.2",
                "blob": "0.0.2",
                "has-binary": "0.1.5",
                "utf8": "2.0.0"
              },
              "dependencies": {
                "after": {
                  "version": "0.8.1",
                  "resolved": "https://registry.npmjs.org/after/-/after-0.8.1.tgz",
                  "integrity": "sha1-q11PuIP1loFtNRX495HAr0ht1ic="
                },
                "arraybuffer.slice": {
                  "version": "0.0.6",
                  "resolved": "https://registry.npmjs.org/arraybuffer.slice/-/arraybuffer.slice-0.0.6.tgz",
                  "integrity": "sha1-8zshWfBTKj8xB6JywMz70a0peco="
                },
                "base64-arraybuffer": {
                  "version": "0.1.2",
                  "resolved": "https://registry.npmjs.org/base64-arraybuffer/-/base64-arraybuffer-0.1.2.tgz",
                  "integrity": "sha1-R030qfLaJOBd8xWMOx2zw81GoVQ="
                },
                "blob": {
                  "version": "0.0.2",
                  "resolved": "https://registry.npmjs.org/blob/-/blob-0.0.2.tgz",
                  "integrity": "sha1-uJVivWmUr5W6HoEhVVNjM6ojzyQ="
                },
                "utf8": {
                  "version": "2.0.0",
                  "resolved": "https://registry.npmjs.org/utf8/-/utf8-2.0.0.tgz",
                  "integrity": "sha1-ec5Z7O2HSAnKuacfxxAsfUXUEY0="
                }
              }
            },
            "ws": {
              "version": "0.7.2",
              "resolved": "https://registry.npmjs.org/ws/-/ws-0.7.2.tgz",
              "integrity": "sha1-Q4xWC9+it9o91ba0btYTJcJGmdg=",
              "requires": {
                "bufferutil": "1.1.x",
                "options": ">=0.0.5",
                "ultron": "1.0.x",
                "utf-8-validate": "1.1.x"
              }
            }
          }
        },
        "has-binary-data": {
          "version": "0.1.3",
          "resolved": "https://registry.npmjs.org/has-binary-data/-/has-binary-data-0.1.3.tgz",
          "integrity": "sha1-jrsYOItX8ZpSMSdaFvwY1R83mq4=",
          "requires": {
            "isarray": "0.0.1"
          },
          "dependencies": {
            "isarray": {
              "version": "0.0.1",
              "resolved": "https://registry.npmjs.org/isarray/-/isarray-0.0.1.tgz",
              "integrity": "sha1-ihis/Kmo9Bd+Cav8YDiTmwXR7t8="
            }
          }
        },
        "ms": {
          "version": "0.6.2",
          "resolved": "https://registry.npmjs.org/ms/-/ms-0.6.2.tgz",
          "integrity": "sha1-2JwhJMb9wTU9Zai3e/GqxLGTcIw="
        },
        "socket.io-adapter": {
          "version": "0.3.1",
          "resolved": "https://registry.npmjs.org/socket.io-adapter/-/socket.io-adapter-0.3.1.tgz",
          "integrity": "sha1-34H5cLTfZJOQLZPlGce3J1XDqVg=",
          "requires": {
            "debug": "1.0.2",
            "object-keys": "1.0.1",
            "socket.io-parser": "2.2.2"
          },
          "dependencies": {
            "debug": {
              "version": "1.0.2",
              "resolved": "https://registry.npmjs.org/debug/-/debug-1.0.2.tgz",
              "integrity": "sha1-OElZHBDM5khHbDx8Li40FttZY8Q=",
              "requires": {
                "ms": "0.6.2"
              }
            },
            "object-keys": {
              "version": "1.0.1",
              "resolved": "https://registry.npmjs.org/object-keys/-/object-keys-1.0.1.tgz",
              "integrity": "sha1-VYAuhYQsJru167wVer874wJWm6g="
            },
            "socket.io-parser": {
              "version": "2.2.2",
              "resolved": "https://registry.npmjs.org/socket.io-parser/-/socket.io-parser-2.2.2.tgz",
              "integrity": "sha1-PXr2tkSX6Va32f53X5mXFgJ/lBc=",
              "requires": {
                "benchmark": "1.0.0",
                "component-emitter": "1.1.2",
                "debug": "0.7.4",
                "isarray": "0.0.1",
                "json3": "3.2.6"
              },
              "dependencies": {
                "debug": {
                  "version": "0.7.4",
                  "resolved": "https://registry.npmjs.org/debug/-/debug-0.7.4.tgz",
                  "integrity": "sha1-BuHqgILCyxTjmAbiLi9vdX+Srzk="
                }
              }
            }
          }
        },
        "socket.io-client": {
          "version": "1.3.6",
          "resolved": "https://registry.npmjs.org/socket.io-client/-/socket.io-client-1.3.6.tgz",
          "integrity": "sha1-IqolE3QR+2TcIUd/rnKmV162HYA=",
          "requires": {
            "backo2": "1.0.2",
            "component-bind": "1.0.0",
            "component-emitter": "1.1.2",
            "debug": "0.7.4",
            "engine.io-client": "1.5.2",
            "has-binary": "0.1.6",
            "indexof": "0.0.1",
            "object-component": "0.0.3",
            "parseuri": "0.0.2",
            "socket.io-parser": "2.2.4",
            "to-array": "0.1.3"
          },
          "dependencies": {
            "backo2": {
              "version": "1.0.2",
              "resolved": "https://registry.npmjs.org/backo2/-/backo2-1.0.2.tgz",
              "integrity": "sha1-MasayLEpNjRj41s+u2n038+6eUc="
            },
            "component-bind": {
              "version": "1.0.0",
              "resolved": "https://registry.npmjs.org/component-bind/-/component-bind-1.0.0.tgz",
              "integrity": "sha1-AMYIq33Nk4l8AAllGx06jh5zu9E="
            },
            "component-emitter": {
              "version": "1.1.2",
              "resolved": "https://registry.npmjs.org/component-emitter/-/component-emitter-1.1.2.tgz",
              "integrity": "sha1-KWWU8nU9qmOZbSrwjRWpURbJrsM="
            },
            "debug": {
              "version": "0.7.4",
              "resolved": "https://registry.npmjs.org/debug/-/debug-0.7.4.tgz",
              "integrity": "sha1-BuHqgILCyxTjmAbiLi9vdX+Srzk="
            },
            "engine.io-client": {
              "version": "1.5.2",
              "resolved": "https://registry.npmjs.org/engine.io-client/-/engine.io-client-1.5.2.tgz",
              "integrity": "sha1-X9SlIb3T3KPH9Q44+UN7X2aVfrw=",
              "requires": {
                "component-emitter": "1.1.2",
                "component-inherit": "0.0.3",
                "debug": "1.0.4",
                "engine.io-parser": "1.2.1",
                "has-cors": "1.0.3",
                "indexof": "0.0.1",
                "parsejson": "0.0.1",
                "parseqs": "0.0.2",
                "parseuri": "0.0.4",
                "ws": "0.7.2",
                "xmlhttprequest": "https://github.com/rase-/node-XMLHttpRequest/archive/a6b6f2.tar.gz"
              },
              "dependencies": {
                "component-inherit": {
                  "version": "0.0.3",
                  "resolved": "https://registry.npmjs.org/component-inherit/-/component-inherit-0.0.3.tgz",
                  "integrity": "sha1-ZF/ErfWLcrZJ1crmUTVhnbJv8UM="
                },
                "debug": {
                  "version": "1.0.4",
                  "resolved": "https://registry.npmjs.org/debug/-/debug-1.0.4.tgz",
                  "integrity": "sha1-W5wla9VLbsAigxdvqKDt5tFUy/g=",
                  "requires": {
                    "ms": "0.6.2"
                  }
                },
                "engine.io-parser": {
                  "version": "1.2.1",
                  "resolved": "https://registry.npmjs.org/engine.io-parser/-/engine.io-parser-1.2.1.tgz",
                  "integrity": "sha1-RGKmfQxwqQfAbbLh3lN5Gob1qzc=",
                  "requires": {
                    "after": "0.8.1",
                    "arraybuffer.slice": "0.0.6",
                    "base64-arraybuffer": "0.1.2",
                    "blob": "0.0.2",
                    "has-binary": "0.1.5",
                    "utf8": "2.0.0"
                  },
                  "dependencies": {
                    "after": {
                      "version": "0.8.1",
                      "resolved": "https://registry.npmjs.org/after/-/after-0.8.1.tgz",
                      "integrity": "sha1-q11PuIP1loFtNRX495HAr0ht1ic="
                    },
                    "arraybuffer.slice": {
                      "version": "0.0.6",
                      "resolved": "https://registry.npmjs.org/arraybuffer.slice/-/arraybuffer.slice-0.0.6.tgz",
                      "integrity": "sha1-8zshWfBTKj8xB6JywMz70a0peco="
                    },
                    "base64-arraybuffer": {
                      "version": "0.1.2",
                      "resolved": "https://registry.npmjs.org/base64-arraybuffer/-/base64-arraybuffer-0.1.2.tgz",
                      "integrity": "sha1-R030qfLaJOBd8xWMOx2zw81GoVQ="
                    },
                    "blob": {
                      "version": "0.0.2",
                      "resolved": "https://registry.npmjs.org/blob/-/blob-0.0.2.tgz",
                      "integrity": "sha1-uJVivWmUr5W6HoEhVVNjM6ojzyQ="
                    },
                    "utf8": {
                      "version": "2.0.0",
                      "resolved": "https://registry.npmjs.org/utf8/-/utf8-2.0.0.tgz",
                      "integrity": "sha1-ec5Z7O2HSAnKuacfxxAsfUXUEY0="
                    }
                  }
                },
                "has-binary": {
                  "version": "0.1.5",
                  "resolved": "https://registry.npmjs.org/has-binary/-/has-binary-0.1.5.tgz",
                  "integrity": "sha1-ledXIP8xtyo7qJpbbc4ILkvGRn8=",
                  "requires": {
                    "isarray": "0.0.1"
                  }
                },
                "parsejson": {
                  "version": "0.0.1",
                  "resolved": "https://registry.npmjs.org/parsejson/-/parsejson-0.0.1.tgz",
                  "integrity": "sha1-mxDGwNglq1ieaFFTgm3go7oni8w=",
                  "requires": {
                    "better-assert": "~1.0.0"
                  }
                },
                "parseqs": {
                  "version": "0.0.2",
                  "resolved": "https://registry.npmjs.org/parseqs/-/parseqs-0.0.2.tgz",
                  "integrity": "sha1-nf5wss3aw4i95PNbHyQPpYrb5sc=",
                  "requires": {
                    "better-assert": "~1.0.0"
                  },
                  "dependencies": {
                    "better-assert": {
                      "version": "1.0.2",
                      "resolved": "https://registry.npmjs.org/better-assert/-/better-assert-1.0.2.tgz",
                      "integrity": "sha1-QIZrnhueC1W0gYlDEeaPr/rrxSI=",
                      "requires": {
                        "callsite": "1.0.0"
                      }
                    }
                  }
                },
                "parseuri": {
                  "version": "0.0.4",
                  "resolved": "https://registry.npmjs.org/parseuri/-/parseuri-0.0.4.tgz",
                  "integrity": "sha1-gGWCo5iH4eoY3V4v4OAZAiaOk1A=",
                  "requires": {
                    "better-assert": "~1.0.0"
                  }
                },
                "ws": {
                  "version": "0.7.2",
                  "resolved": "https://registry.npmjs.org/ws/-/ws-0.7.2.tgz",
                  "integrity": "sha1-Q4xWC9+it9o91ba0btYTJcJGmdg=",
                  "requires": {
                    "bufferutil": "1.1.x",
                    "options": ">=0.0.5",
                    "ultron": "1.0.x",
                    "utf-8-validate": "1.1.x"
                  }
                },
                "xmlhttprequest": {
                  "version": "https://github.com/rase-/node-XMLHttpRequest/archive/a6b6f2.tar.gz",
                  "integrity": "sha1-IMr6XKpV9ttr+u6EnR62DuQ6X8o="
                }
              }
            },
            "has-binary": {
              "version": "0.1.6",
              "resolved": "https://registry.npmjs.org/has-binary/-/has-binary-0.1.6.tgz",
              "integrity": "sha1-JTJvOc+k9hath4eJTjryz7x7bhA=",
              "requires": {
                "isarray": "0.0.1"
              },
              "dependencies": {
                "isarray": {
                  "version": "0.0.1",
                  "resolved": "https://registry.npmjs.org/isarray/-/isarray-0.0.1.tgz",
                  "integrity": "sha1-ihis/Kmo9Bd+Cav8YDiTmwXR7t8="
                }
              }
            },
            "indexof": {
              "version": "0.0.1",
              "resolved": "https://registry.npmjs.org/indexof/-/indexof-0.0.1.tgz",
              "integrity": "sha1-gtwzbSMrkGIXnQWrMpOmYFn9Q10="
            },
            "object-component": {
              "version": "0.0.3",
              "resolved": "https://registry.npmjs.org/object-component/-/object-component-0.0.3.tgz",
              "integrity": "sha1-8MaapQ78lbhmwYb0AKM3acsvEpE="
            },
            "options": {
              "version": "0.0.6",
              "resolved": "https://registry.npmjs.org/options/-/options-0.0.6.tgz",
              "integrity": "sha1-7CLTEoBrtT5zF3Pnza788cZDEo8="
            },
            "parseuri": {
              "version": "0.0.2",
              "resolved": "https://registry.npmjs.org/parseuri/-/parseuri-0.0.2.tgz",
              "integrity": "sha1-20GHjy1pZHGL6HCzFAlz2Ak74VY=",
              "requires": {
                "better-assert": "~1.0.0"
              },
              "dependencies": {
                "better-assert": {
                  "version": "1.0.2",
                  "resolved": "https://registry.npmjs.org/better-assert/-/better-assert-1.0.2.tgz",
                  "integrity": "sha1-QIZrnhueC1W0gYlDEeaPr/rrxSI=",
                  "requires": {
                    "callsite": "1.0.0"
                  }
                }
              }
            },
            "to-array": {
              "version": "0.1.3",
              "resolved": "https://registry.npmjs.org/to-array/-/to-array-0.1.3.tgz",
              "integrity": "sha1-1F2txjY0F/YPKEdP6lDs3btPSZE="
            },
            "ultron": {
              "version": "1.0.2",
              "resolved": "https://registry.npmjs.org/ultron/-/ultron-1.0.2.tgz",
              "integrity": "sha1-rOEWq1V80Zc4ak6I9GhTeMiy5Po="
            }
          }
        },
        "socket.io-parser": {
          "version": "2.2.4",
          "resolved": "https://registry.npmjs.org/socket.io-parser/-/socket.io-parser-2.2.4.tgz",
          "integrity": "sha1-+c4ZvxkJYIzrFdl3IeI7/dHnz2U=",
          "requires": {
            "benchmark": "1.0.0",
            "component-emitter": "1.1.2",
            "debug": "0.7.4",
            "isarray": "0.0.1",
            "json3": "3.2.6"
          },
          "dependencies": {
            "benchmark": {
              "version": "1.0.0",
              "resolved": "https://registry.npmjs.org/benchmark/-/benchmark-1.0.0.tgz",
              "integrity": "sha1-Lx4vpMNZ8REiqhgwgiGOlX45DHM="
            },
            "component-emitter": {
              "version": "1.1.2",
              "resolved": "https://registry.npmjs.org/component-emitter/-/component-emitter-1.1.2.tgz",
              "integrity": "sha1-KWWU8nU9qmOZbSrwjRWpURbJrsM="
            },
            "debug": {
              "version": "0.7.4",
              "resolved": "https://registry.npmjs.org/debug/-/debug-0.7.4.tgz",
              "integrity": "sha1-BuHqgILCyxTjmAbiLi9vdX+Srzk="
            },
            "isarray": {
              "version": "0.0.1",
              "resolved": "https://registry.npmjs.org/isarray/-/isarray-0.0.1.tgz",
              "integrity": "sha1-ihis/Kmo9Bd+Cav8YDiTmwXR7t8="
            },
            "json3": {
              "version": "3.2.6",
              "resolved": "https://registry.npmjs.org/json3/-/json3-3.2.6.tgz",
              "integrity": "sha1-9u/JPAagTemuxTBT3yVZuxniA4s="
            }
          }
        }
      }
    },
    "statuses": {
      "version": "1.2.1",
      "resolved": "https://registry.npmjs.org/statuses/-/statuses-1.2.1.tgz",
      "integrity": "sha1-3e1FzBglbVHtQK7BQkidXGECbSg="
    },
    "type-is": {
      "version": "1.6.7",
      "resolved": "https://registry.npmjs.org/type-is/-/type-is-1.6.7.tgz",
      "integrity": "sha1-XsK8fH3rw39YbVGMB0erkB92vOw=",
      "requires": {
        "media-typer": "0.3.0",
        "mime-types": "~2.1.5"
      }
    },
    "ultron": {
      "version": "1.0.2",
      "resolved": "https://registry.npmjs.org/ultron/-/ultron-1.0.2.tgz",
      "integrity": "sha1-rOEWq1V80Zc4ak6I9GhTeMiy5Po="
    },
    "unpipe": {
      "version": "1.0.0",
      "resolved": "https://registry.npmjs.org/unpipe/-/unpipe-1.0.0.tgz",
      "integrity": "sha1-sr9O6FFKrmFltIF4KdIbLvSZBOw="
    },
    "utf-8-validate": {
      "version": "1.1.0",
      "resolved": "https://registry.npmjs.org/utf-8-validate/-/utf-8-validate-1.1.0.tgz",
      "integrity": "sha1-UhprshidCzB93Ft5w8laX9gIXbQ=",
      "optional": true,
      "requires": {
        "bindings": "1.2.x",
        "nan": "1.8.x"
      }
    },
    "utils-merge": {
      "version": "1.0.1",
      "resolved": "https://registry.npmjs.org/utils-merge/-/utils-merge-1.0.1.tgz",
      "integrity": "sha1-n5VxD1CiZ5R7LMwSR0HBAoQn5xM="
    },
    "vary": {
      "version": "1.0.1",
      "resolved": "https://registry.npmjs.org/vary/-/vary-1.0.1.tgz",
      "integrity": "sha1-meSYFWaihhGN+yuBc1ffeZM3bRA="
    },
    "vhost": {
      "version": "3.0.2",
      "resolved": "https://registry.npmjs.org/vhost/-/vhost-3.0.2.tgz",
      "integrity": "sha1-L7HezUxGaqiLD5NBrzPcGv8keNU="
    }
  }
}
